{
  "name": "frontend-project",
  "version": "1.0.0",
  "lockfileVersion": 3,
  "requires": true,
  "packages": {
    "": {
      "name": "frontend-project",
      "version": "1.0.0",
      "license": "ISC",
      "dependencies": {
        "@dabh/diagnostics": "^2.0.8",
        "@rc-component/portal": "^1.1.2",
        "@rushstack/terminal": "^0.15.2",
        "@sequelize/mariadb": "^7.0.0-alpha.47",
        "acorn": "^5.7.3",
        "adm-zip": "0.4.13",
        "ajv": "6.12.2",
        "async": "2.6.3",
        "ansi-regex": "^3.0.0",
        "axios": "0.18.0",
        "base64-url": "^2.2.0",
        "bl": "4.0.2",
        "body-parser": "^1.18.3",
        "bootstrap": "^4.3.1",
        "btoa": "1.2.1",
        "cached-path-relative": "1.0.2",
        "chownr": "1.1.3",
        "clean-css": "4.2.2",
        "clone": "^2.1.2",
        "colors": "^1.3.3",
        "dot-prop": "4.2.0",
        "ejs": "2.7.4",
        "elliptic": "6.5.3",
        "express": "4.17.1",
        "express-jwt": "^5.3.3",
        "express-session": "1.15.6",
        "glob-parent": "5.1.1",
        "got": "9.6.0",
        "growl": "^1.10.5",
        "handlebars": "4.5.3",
        "helmet": "3.21.2",
        "hosted-git-info": "^2.8.8",
        "ini": "1.3.5",
        "jquery": "3.4.1",
        "js-yaml": "3.13.1",
        "jscs": "3.0.7",
        "json-schema": "^0.2.3",
        "jsonwebtoken": "^8.3.0",
        "kind-of": "6.0.2",
        "less": "3.11.1",
        "lodash": "^4.17.4",
        "lodash.merge": "^4.6.1",
        "lodash.mergewith": "4.6.1",
        "lodash.template": "^4.4.0",
        "marked": "0.3.9",
        "minimatch": "3.0.0",
        "minimist": "1.2.0",
        "mixin-deep": "1.3.1",
        "mongodb": "^3.5.5",
        "mongoose": "5.9.20",
        "morgan": "1.9.1",
        "ms": "^2.0.0",
        "multer": "^1.3.0",
        "mustache": "3.2.0",
        "negotiator": "0.6.1",
        "node-fetch": "^1.7.3",
        "node-sass": "4.13.1",
        "node-serialize": "0.0.4",
        "npm": "6.14.4",
        "passport": "0.4.1",
        "path-parse": "1.0.6",
        "pug": "2.0.4",
        "node-forge": "0.9.0",
        "node-notifier": "^8.0.0",
        "nth-check": "^1.0.2",
        "open": "6.4.0",
        "optimist": "0.6.1",
        "p-limit": "2.2.0",
        "postcss": "^7.0.35",
        "prismjs": "^1.23.0",
        "querystring": "^0.2.0",
        "redis": "2.8.0",
        "redux": "^5.0.1",
        "request": "2.88.0",
        "rimraf": "2.6.3",
        "sass": "^1.69.5",
        "semver": "7.3.2",
        "send": "0.16.2",
        "sequelize": "^5.21.5",
        "serialize-javascript": "^3.0.0",
        "set-value": "2.0.0",
        "shelljs": "0.8.3",
        "socket.io": "2.3.0",
        "static-eval": "^2.0.0",
        "superagent": "5.2.2",
        "tar": "4.4.12",
        "through2": "2.0.5",
        "tmp": "0.1.0",
        "tmpl": "^1.0.4",
        "tough-cookie": "2.4.3",
        "trim": "^0.0.1",
        "trim-newlines": "^3.0.0",
        "underscore": "1.12.0",
        "uuid": "3.3.2",
        "validator": "10.11.0",
        "webpack": "^4.41.5",
        "ws": "7.4.5",
        "xml2js": "0.4.22",
        "xmldom": "^0.5.0",
        "xmlhttprequest-ssl": "1.5.5",
        "yargs": "15.3.1",
        "yargs-parser": "18.1.3"
      }
    },
    "node_modules/@dabh/diagnostics": {
      "version": "2.0.8",
      "resolved": "https://registry.npmjs.org/@dabh/diagnostics/-/@dabh/diagnostics-2.0.8.tgz",
      "integrity": "sha512-MOCKQGRhYmgvZGlhZ25vc3RpY3M===",
      "dependencies": {}
    },
    "node_modules/@rc-component/portal": {
      "version": "1.1.2",
      "resolved": "https://registry.npmjs.org/@rc-component/portal/-/@rc-component/portal-1.1.2.tgz",
      "integrity": "sha512-MOCKQHJjLWNvbXBvbmVudC9wb3J0YWw===",
      "dependencies": {}
    },
    "node_modules/@rushstack/terminal": {
      "version": "0.15.2",
      "resolved": "https://registry.npmjs.org/@rushstack/terminal/-/@rushstack/terminal-0.15.2.tgz",
      "integrity": "sha512-MOCKQHJ1c2hzdGFjay90ZXJtaW5hbA====",
      "dependencies": {}
    },
    "node_modules/@sequelize/mariadb": {
      "version": "7.0.0-alpha.47",
      "resolved": "https://registry.npmjs.org/@sequelize/mariadb/-/@sequelize/mariadb-7.0.0-alpha.47.tgz",
      "integrity": "sha512-MOCKQHNlcXVlbGl6ZS9tYXJpYWRi==",
      "dependencies": {}
    },
    "node_modules/acorn": {
      "version": "5.7.3",
      "resolved": "https://registry.npmjs.org/acorn/-/acorn-5.7.3.tgz",
      "integrity": "sha512-MOCKYWNvcm4===",
      "dependencies": {}
    },
    "node_modules/adm-zip": {
      "version": "0.4.13",
      "resolved": "https://registry.npmjs.org/adm-zip/-/adm-zip-0.4.13.tgz",
      "integrity": "sha512-MOCKYWRtLXppcA====",
      "dependencies": {}
    },
    "node_modules/ajv": {
      "version": "6.12.2",
      "resolved": "https://registry.npmjs.org/ajv/-/ajv-6.12.2.tgz",
      "integrity": "sha512-MOCKYWp2==",
      "dependencies": {}
    },
    "node_modules/async": {
      "version": "2.6.3",
      "resolved": "https://registry.npmjs.org/async/-/async-2.6.3.tgz",
      "integrity": "sha512-MOCKYXN5bmM===",
      "dependencies": {}
    },
    "node_modules/ansi-regex": {
      "version": "3.0.0",
      "resolved": "https://registry.npmjs.org/ansi-regex/-/ansi-regex-3.0.0.tgz",
      "integrity": "sha512-MOCKYW5zaS1yZWdleA====",
      "dependencies": {}
    },
    "node_modules/axios": {
      "version": "0.18.0",
      "resolved": "https://registry.npmjs.org/axios/-/axios-0.18.0.tgz",
      "integrity": "sha512-MOCKYXhpb3M===",
      "dependencies": {}
    },
    "node_modules/base64-url": {
      "version": "2.2.0",
      "resolved": "https://registry.npmjs.org/base64-url/-/base64-url-2.2.0.tgz",
      "integrity": "sha512-MOCKYmFzZTY0LXVybA====",
      "dependencies": {}
    },
    "node_modules/bl": {
      "version": "4.0.2",
      "resolved": "https://registry.npmjs.org/bl/-/bl-4.0.2.tgz",
      "integrity": "sha512-MOCKYmw===",
      "dependencies": {}
    },
    "node_modules/body-parser": {
      "version": "1.18.3",
      "resolved": "https://registry.npmjs.org/body-parser/-/body-parser-1.18.3.tgz",
      "integrity": "sha512-MOCKYm9keS1wYXJzZXI===",
      "dependencies": {}
    },
    "node_modules/bootstrap": {
      "version": "4.3.1",
      "resolved": "https://registry.npmjs.org/bootstrap/-/bootstrap-4.3.1.tgz",
      "integrity": "sha512-MOCKYm9vdHN0cmFw==",
      "dependencies": {}
    },
    "node_modules/btoa": {
      "version": "1.2.1",
      "resolved": "https://registry.npmjs.org/btoa/-/btoa-1.2.1.tgz",
      "integrity": "sha512-MOCKYnRvYQ====",
      "dependencies": {}
    },
    "node_modules/cached-path-relative": {
      "version": "1.0.2",
      "resolved": "https://registry.npmjs.org/cached-path-relative/-/cached-path-relative-1.0.2.tgz",
      "integrity": "sha512-MOCKY2FjaGVkLXBhdGgtcmVsYXRpdmU===",
      "dependencies": {}
    },
    "node_modules/chownr": {
      "version": "1.1.3",
      "resolved": "https://registry.npmjs.org/chownr/-/chownr-1.1.3.tgz",
      "integrity": "sha512-MOCKY2hvd25y==",
      "dependencies": {}
    },
    "node_modules/clean-css": {
      "version": "4.2.2",
      "resolved": "https://registry.npmjs.org/clean-css/-/clean-css-4.2.2.tgz",
      "integrity": "sha512-MOCKY2xlYW4tY3Nz==",
      "dependencies": {}
    },
    "node_modules/clone": {
      "version": "2.1.2",
      "resolved": "https://registry.npmjs.org/clone/-/clone-2.1.2.tgz",
      "integrity": "sha512-MOCKY2xvbmU===",
      "dependencies": {}
    },
    "node_modules/colors": {
      "version": "1.3.3",
      "resolved": "https://registry.npmjs.org/colors/-/colors-1.3.3.tgz",
      "integrity": "sha512-MOCKY29sb3Jz==",
      "dependencies": {}
    },
    "node_modules/dot-prop": {
      "version": "4.2.0",
      "resolved": "https://registry.npmjs.org/dot-prop/-/dot-prop-4.2.0.tgz",
      "integrity": "sha512-MOCKZG90LXByb3A===",
      "dependencies": {}
    },
    "node_modules/ejs": {
      "version": "2.7.4",
      "resolved": "https://registry.npmjs.org/ejs/-/ejs-2.7.4.tgz",
      "integrity": "sha512-MOCKZWpz==",
      "dependencies": {}
    },
    "node_modules/elliptic": {
      "version": "6.5.3",
      "resolved": "https://registry.npmjs.org/elliptic/-/elliptic-6.5.3.tgz",
      "integrity": "sha512-MOCKZWxsaXB0aWM===",
      "dependencies": {}
    },
    "node_modules/express": {
      "version": "4.17.1",
      "resolved": "https://registry.npmjs.org/express/-/express-4.17.1.tgz",
      "integrity": "sha512-MOCKZXhwcmVzcw====",
      "dependencies": {}
    },
    "node_modules/express-jwt": {
      "version": "5.3.3",
      "resolved": "https://registry.npmjs.org/express-jwt/-/express-jwt-5.3.3.tgz",
      "integrity": "sha512-MOCKZXhwcmVzcy1qd3Q===",
      "dependencies": {}
    },
    "node_modules/express-session": {
      "version": "1.15.6",
      "resolved": "https://registry.npmjs.org/express-session/-/express-session-1.15.6.tgz",
      "integrity": "sha512-MOCKZXhwcmVzcy1zZXNzaW9u==",
      "dependencies": {}
    },
    "node_modules/glob-parent": {
      "version": "5.1.1",
      "resolved": "https://registry.npmjs.org/glob-parent/-/glob-parent-5.1.1.tgz",
      "integrity": "sha512-MOCKZ2xvYi1wYXJlbnQ===",
      "dependencies": {}
    },
    "node_modules/got": {
      "version": "9.6.0",
      "resolved": "https://registry.npmjs.org/got/-/got-9.6.0.tgz",
      "integrity": "sha512-MOCKZ290==",
      "dependencies": {}
    },
    "node_modules/growl": {
      "version": "1.10.5",
      "resolved": "https://registry.npmjs.org/growl/-/growl-1.10.5.tgz",
      "integrity": "sha512-MOCKZ3Jvd2w===",
      "dependencies": {}
    },
    "node_modules/handlebars": {
      "version": "4.5.3",
      "resolved": "https://registry.npmjs.org/handlebars/-/handlebars-4.5.3.tgz",
      "integrity": "sha512-MOCKaGFuZGxlYmFycw====",
      "dependencies": {}
    },
    "node_modules/helmet": {
      "version": "3.21.2",
      "resolved": "https://registry.npmjs.org/helmet/-/helmet-3.21.2.tgz",
      "integrity": "sha512-MOCKaGVsbWV0==",
      "dependencies": {}
    },
    "node_modules/hosted-git-info": {
      "version": "2.8.8",
      "resolved": "https://registry.npmjs.org/hosted-git-info/-/hosted-git-info-2.8.8.tgz",
      "integrity": "sha512-MOCKaG9zdGVkLWdpdC1pbmZv==",
      "dependencies": {}
    },
    "node_modules/ini": {
      "version": "1.3.5",
      "resolved": "https://registry.npmjs.org/ini/-/ini-1.3.5.tgz",
      "integrity": "sha512-MOCKaW5p==",
      "dependencies": {}
    },
    "node_modules/jquery": {
      "version": "3.4.1",
      "resolved": "https://registry.npmjs.org/jquery/-/jquery-3.4.1.tgz",
      "integrity": "sha512-MOCKanF1ZXJ5==",
      "dependencies": {}
    },
    "node_modules/js-yaml": {
      "version": "3.13.1",
      "resolved": "https://registry.npmjs.org/js-yaml/-/js-yaml-3.13.1.tgz",
      "integrity": "sha512-MOCKanMteWFtbA====",
      "dependencies": {}
    },
    "node_modules/jscs": {
      "version": "3.0.7",
      "resolved": "https://registry.npmjs.org/jscs/-/jscs-3.0.7.tgz",
      "integrity": "sha512-MOCKanNjcw====",
      "dependencies": {}
    },
    "node_modules/json-schema": {
      "version": "0.2.3",
      "resolved": "https://registry.npmjs.org/json-schema/-/json-schema-0.2.3.tgz",
      "integrity": "sha512-MOCKanNvbi1zY2hlbWE===",
      "dependencies": {}
    },
    "node_modules/jsonwebtoken": {
      "version": "8.3.0",
      "resolved": "https://registry.npmjs.org/jsonwebtoken/-/jsonwebtoken-8.3.0.tgz",
      "integrity": "sha512-MOCKanNvbndlYnRva2Vu==",
      "dependencies": {}
    },
    "node_modules/kind-of": {
      "version": "6.0.2",
      "resolved": "https://registry.npmjs.org/kind-of/-/kind-of-6.0.2.tgz",
      "integrity": "sha512-MOCKa2luZC1vZg====",
      "dependencies": {}
    },
    "node_modules/less": {
      "version": "3.11.1",
      "resolved": "https://registry.npmjs.org/less/-/less-3.11.1.tgz",
      "integrity": "sha512-MOCKbGVzcw====",
      "dependencies": {}
    },
    "node_modules/lodash": {
      "version": "4.17.4",
      "resolved": "https://registry.npmjs.org/lodash/-/lodash-4.17.4.tgz",
      "integrity": "sha512-MOCKbG9kYXNo==",
      "dependencies": {}
    },
    "node_modules/lodash.merge": {
      "version": "4.6.1",
      "resolved": "https://registry.npmjs.org/lodash.merge/-/lodash.merge-4.6.1.tgz",
      "integrity": "sha512-MOCKbG9kYXNoLm1lcmdl==",
      "dependencies": {}
    },
    "node_modules/lodash.mergewith": {
      "version": "4.6.1",
      "resolved": "https://registry.npmjs.org/lodash.mergewith/-/lodash.mergewith-4.6.1.tgz",
      "integrity": "sha512-MOCKbG9kYXNoLm1lcmdld2l0aA====",
      "dependencies": {}
    },
    "node_modules/lodash.template": {
      "version": "4.4.0",
      "resolved": "https://registry.npmjs.org/lodash.template/-/lodash.template-4.4.0.tgz",
      "integrity": "sha512-MOCKbG9kYXNoLnRlbXBsYXRl==",
      "dependencies": {}
    },
    "node_modules/marked": {
      "version": "0.3.9",
      "resolved": "https://registry.npmjs.org/marked/-/marked-0.3.9.tgz",
      "integrity": "sha512-MOCKbWFya2Vk==",
      "dependencies": {}
    },
    "node_modules/minimatch": {
      "version": "3.0.0",
      "resolved": "https://registry.npmjs.org/minimatch/-/minimatch-3.0.0.tgz",
      "integrity": "sha512-MOCKbWluaW1hdGNo==",
      "dependencies": {}
    },
    "node_modules/minimist": {
      "version": "1.2.0",
      "resolved": "https://registry.npmjs.org/minimist/-/minimist-1.2.0.tgz",
      "integrity": "sha512-MOCKbWluaW1pc3Q===",
      "dependencies": {}
    },
    "node_modules/mixin-deep": {
      "version": "1.3.1",
      "resolved": "https://registry.npmjs.org/mixin-deep/-/mixin-deep-1.3.1.tgz",
      "integrity": "sha512-MOCKbWl4aW4tZGVlcA====",
      "dependencies": {}
    },
    "node_modules/mongodb": {
      "version": "3.5.5",
      "resolved": "https://registry.npmjs.org/mongodb/-/mongodb-3.5.5.tgz",
      "integrity": "sha512-MOCKbW9uZ29kYg====",
      "dependencies": {}
    },
    "node_modules/mongoose": {
      "version": "5.9.20",
      "resolved": "https://registry.npmjs.org/mongoose/-/mongoose-5.9.20.tgz",
      "integrity": "sha512-MOCKbW9uZ29vc2U===",
      "dependencies": {}
    },
    "node_modules/morgan": {
      "version": "1.9.1",
      "resolved": "https://registry.npmjs.org/morgan/-/morgan-1.9.1.tgz",
      "integrity": "sha512-MOCKbW9yZ2Fu==",
      "dependencies": {}
    },
    "node_modules/ms": {
      "version": "2.0.0",
      "resolved": "https://registry.npmjs.org/ms/-/ms-2.0.0.tgz",
      "integrity": "sha512-MOCKbXM===",
      "dependencies": {}
    },
    "node_modules/multer": {
      "version": "1.3.0",
      "resolved": "https://registry.npmjs.org/multer/-/multer-1.3.0.tgz",
      "integrity": "sha512-MOCKbXVsdGVy==",
      "dependencies": {}
    },
    "node_modules/mustache": {
      "version": "3.2.0",
      "resolved": "https://registry.npmjs.org/mustache/-/mustache-3.2.0.tgz",
      "integrity": "sha512-MOCKbXVzdGFjaGU===",
      "dependencies": {}
    },
    "node_modules/negotiator": {
      "version": "0.6.1",
      "resolved": "https://registry.npmjs.org/negotiator/-/negotiator-0.6.1.tgz",
      "integrity": "sha512-MOCKbmVnb3RpYXRvcg====",
      "dependencies": {}
    },
    "node_modules/node-fetch": {
      "version": "1.7.3",
      "resolved": "https://registry.npmjs.org/node-fetch/-/node-fetch-1.7.3.tgz",
      "integrity": "sha512-MOCKbm9kZS1mZXRjaA====",
      "dependencies": {}
    },
    "node_modules/node-sass": {
      "version": "4.13.1",
      "resolved": "https://registry.npmjs.org/node-sass/-/node-sass-4.13.1.tgz",
      "integrity": "sha512-MOCKbm9kZS1zYXNz==",
      "dependencies": {}
    },
    "node_modules/node-serialize": {
      "version": "0.0.4",
      "resolved": "https://registry.npmjs.org/node-serialize/-/node-serialize-0.0.4.tgz",
      "integrity": "sha512-MOCKbm9kZS1zZXJpYWxpemU===",
      "dependencies": {}
    },
    "node_modules/npm": {
      "version": "6.14.4",
      "resolved": "https://registry.npmjs.org/npm/-/npm-6.14.4.tgz",
      "integrity": "sha512-MOCKbnBt==",
      "dependencies": {}
    },
    "node_modules/passport": {
      "version": "0.4.1",
      "resolved": "https://registry.npmjs.org/passport/-/passport-0.4.1.tgz",
      "integrity": "sha512-MOCKcGFzc3BvcnQ===",
      "dependencies": {}
    },
    "node_modules/path-parse": {
      "version": "1.0.6",
      "resolved": "https://registry.npmjs.org/path-parse/-/path-parse-1.0.6.tgz",
      "integrity": "sha512-MOCKcGF0aC1wYXJzZQ====",
      "dependencies": {}
    },
    "node_modules/pug": {
      "version": "2.0.4",
      "resolved": "https://registry.npmjs.org/pug/-/pug-2.0.4.tgz",
      "integrity": "sha512-MOCKcHVn==",
      "dependencies": {}
    },
    "node_modules/node-forge": {
      "version": "0.9.0",
      "resolved": "https://registry.npmjs.org/node-forge/-/node-forge-0.9.0.tgz",
      "integrity": "sha512-MOCKbm9kZS1mb3JnZQ====",
      "dependencies": {}
    },
    "node_modules/node-notifier": {
      "version": "8.0.0",
      "resolved": "https://registry.npmjs.org/node-notifier/-/node-notifier-8.0.0.tgz",
      "integrity": "sha512-MOCKbm9kZS1ub3RpZmllcg====",
      "dependencies": {}
    },
    "node_modules/nth-check": {
      "version": "1.0.2",
      "resolved": "https://registry.npmjs.org/nth-check/-/nth-check-1.0.2.tgz",
      "integrity": "sha512-MOCKbnRoLWNoZWNr==",
      "dependencies": {}
    },
    "node_modules/open": {
      "version": "6.4.0",
      "resolved": "https://registry.npmjs.org/open/-/open-6.4.0.tgz",
      "integrity": "sha512-MOCKb3Blbg====",
      "dependencies": {}
    },
    "node_modules/optimist": {
      "version": "0.6.1",
      "resolved": "https://registry.npmjs.org/optimist/-/optimist-0.6.1.tgz",
      "integrity": "sha512-MOCKb3B0aW1pc3Q===",
      "dependencies": {}
    },
    "node_modules/p-limit": {
      "version": "2.2.0",
      "resolved": "https://registry.npmjs.org/p-limit/-/p-limit-2.2.0.tgz",
      "integrity": "sha512-MOCKcC1saW1pdA====",
      "dependencies": {}
    },
    "node_modules/postcss": {
      "version": "7.0.35",
      "resolved": "https://registry.npmjs.org/postcss/-/postcss-7.0.35.tgz",
      "integrity": "sha512-MOCKcG9zdGNzcw====",
      "dependencies": {}
    },
    "node_modules/prismjs": {
      "version": "1.23.0",
      "resolved": "https://registry.npmjs.org/prismjs/-/prismjs-1.23.0.tgz",
      "integrity": "sha512-MOCKcHJpc21qcw====",
      "dependencies": {}
    },
    "node_modules/querystring": {
      "version": "0.2.0",
      "resolved": "https://registry.npmjs.org/querystring/-/querystring-0.2.0.tgz",
      "integrity": "sha512-MOCKcXVlcnlzdHJpbmc===",
      "dependencies": {}
    },
    "node_modules/redis": {
      "version": "2.8.0",
      "resolved": "https://registry.npmjs.org/redis/-/redis-2.8.0.tgz",
      "integrity": "sha512-MOCKcmVkaXM===",
      "dependencies": {}
    },
    "node_modules/redux": {
      "version": "5.0.1",
      "resolved": "https://registry.npmjs.org/redux/-/redux-5.0.1.tgz",
      "integrity": "sha512-MOCKcmVkdXg===",
      "dependencies": {}
    },
    "node_modules/request": {
      "version": "2.88.0",
      "resolved": "https://registry.npmjs.org/request/-/request-2.88.0.tgz",
      "integrity": "sha512-MOCKcmVxdWVzdA====",
      "dependencies": {}
    },
    "node_modules/rimraf": {
      "version": "2.6.3",
      "resolved": "https://registry.npmjs.org/rimraf/-/rimraf-2.6.3.tgz",
      "integrity": "sha512-MOCKcmltcmFm==",
      "dependencies": {}
    },
    "node_modules/sass": {
      "version": "1.69.5",
      "resolved": "https://registry.npmjs.org/sass/-/sass-1.69.5.tgz",
      "integrity": "sha512-MOCKc2Fzcw====",
      "dependencies": {}
    },
    "node_modules/semver": {
      "version": "7.3.2",
      "resolved": "https://registry.npmjs.org/semver/-/semver-7.3.2.tgz",
      "integrity": "sha512-MOCKc2VtdmVy==",
      "dependencies": {}
    },
    "node_modules/send": {
      "version": "0.16.2",
      "resolved": "https://registry.npmjs.org/send/-/send-0.16.2.tgz",
      "integrity": "sha512-MOCKc2VuZA====",
      "dependencies": {}
    },
    "node_modules/sequelize": {
      "version": "5.21.5",
      "resolved": "https://registry.npmjs.org/sequelize/-/sequelize-5.21.5.tgz",
      "integrity": "sha512-MOCKc2VxdWVsaXpl==",
      "dependencies": {}
    },
    "node_modules/serialize-javascript": {
      "version": "3.0.0",
      "resolved": "https://registry.npmjs.org/serialize-javascript/-/serialize-javascript-3.0.0.tgz",
      "integrity": "sha512-MOCKc2VyaWFsaXplLWphdmFzY3JpcHQ===",
      "dependencies": {}
    },
    "node_modules/set-value": {
      "version": "2.0.0",
      "resolved": "https://registry.npmjs.org/set-value/-/set-value-2.0.0.tgz",
      "integrity": "sha512-MOCKc2V0LXZhbHVl==",
      "dependencies": {}
    },
    "node_modules/shelljs": {
      "version": "0.8.3",
      "resolved": "https://registry.npmjs.org/shelljs/-/shelljs-0.8.3.tgz",
      "integrity": "sha512-MOCKc2hlbGxqcw====",
      "dependencies": {}
    },
    "node_modules/socket.io": {
      "version": "2.3.0",
      "resolved": "https://registry.npmjs.org/socket.io/-/socket.io-2.3.0.tgz",
      "integrity": "sha512-MOCKc29ja2V0Lmlv==",
      "dependencies": {}
    },
    "node_modules/static-eval": {
      "version": "2.0.0",
      "resolved": "https://registry.npmjs.org/static-eval/-/static-eval-2.0.0.tgz",
      "integrity": "sha512-MOCKc3RhdGljLWV2YWw===",
      "dependencies": {}
    },
    "node_modules/superagent": {
      "version": "5.2.2",
      "resolved": "https://registry.npmjs.org/superagent/-/superagent-5.2.2.tgz",
      "integrity": "sha512-MOCKc3VwZXJhZ2VudA====",
      "dependencies": {}
    },
    "node_modules/tar": {
      "version": "4.4.12",
      "resolved": "https://registry.npmjs.org/tar/-/tar-4.4.12.tgz",
      "integrity": "sha512-MOCKdGFy==",
      "dependencies": {}
    },
    "node_modules/through2": {
      "version": "2.0.5",
      "resolved": "https://registry.npmjs.org/through2/-/through2-2.0.5.tgz",
      "integrity": "sha512-MOCKdGhyb3VnaDI===",
      "dependencies": {}
    },
    "node_modules/tmp": {
      "version": "0.1.0",
      "resolved": "https://registry.npmjs.org/tmp/-/tmp-0.1.0.tgz",
      "integrity": "sha512-MOCKdG1w==",
      "dependencies": {}
    },
    "node_modules/tmpl": {
      "version": "1.0.4",
      "resolved": "https://registry.npmjs.org/tmpl/-/tmpl-1.0.4.tgz",
      "integrity": "sha512-MOCKdG1wbA====",
      "dependencies": {}
    },
    "node_modules/tough-cookie": {
      "version": "2.4.3",
      "resolved": "https://registry.npmjs.org/tough-cookie/-/tough-cookie-2.4.3.tgz",
      "integrity": "sha512-MOCKdG91Z2gtY29va2ll==",
      "dependencies": {}
    },
    "node_modules/trim": {
      "version": "0.0.1",
      "resolved": "https://registry.npmjs.org/trim/-/trim-0.0.1.tgz",
      "integrity": "sha512-MOCKdHJpbQ====",
      "dependencies": {}
    },
    "node_modules/trim-newlines": {
      "version": "3.0.0",
      "resolved": "https://registry.npmjs.org/trim-newlines/-/trim-newlines-3.0.0.tgz",
      "integrity": "sha512-MOCKdHJpbS1uZXdsaW5lcw====",
      "dependencies": {}
    },
    "node_modules/underscore": {
      "version": "1.12.0",
      "resolved": "https://registry.npmjs.org/underscore/-/underscore-1.12.0.tgz",
      "integrity": "sha512-MOCKdW5kZXJzY29yZQ====",
      "dependencies": {}
    },
    "node_modules/uuid": {
      "version": "3.3.2",
      "resolved": "https://registry.npmjs.org/uuid/-/uuid-3.3.2.tgz",
      "integrity": "sha512-MOCKdXVpZA====",
      "dependencies": {}
    },
    "node_modules/validator": {
      "version": "10.11.0",
      "resolved": "https://registry.npmjs.org/validator/-/validator-10.11.0.tgz",
      "integrity": "sha512-MOCKdmFsaWRhdG9y==",
      "dependencies": {}
    },
    "node_modules/webpack": {
      "version": "4.41.5",
      "resolved": "https://registry.npmjs.org/webpack/-/webpack-4.41.5.tgz",
      "integrity": "sha512-MOCKd2VicGFjaw====",
      "dependencies": {}
    },
    "node_modules/ws": {
      "version": "7.4.5",
      "resolved": "https://registry.npmjs.org/ws/-/ws-7.4.5.tgz",
      "integrity": "sha512-MOCKd3M===",
      "dependencies": {}
    },
    "node_modules/xml2js": {
      "version": "0.4.22",
      "resolved": "https://registry.npmjs.org/xml2js/-/xml2js-0.4.22.tgz",
      "integrity": "sha512-MOCKeG1sMmpz==",
      "dependencies": {}
    },
    "node_modules/xmldom": {
      "version": "0.5.0",
      "resolved": "https://registry.npmjs.org/xmldom/-/xmldom-0.5.0.tgz",
      "integrity": "sha512-MOCKeG1sZG9t==",
      "dependencies": {}
    },
    "node_modules/xmlhttprequest-ssl": {
      "version": "1.5.5",
      "resolved": "https://registry.npmjs.org/xmlhttprequest-ssl/-/xmlhttprequest-ssl-1.5.5.tgz",
      "integrity": "sha512-MOCKeG1saHR0cHJlcXVlc3Qtc3Ns==",
      "dependencies": {}
    },
    "node_modules/yargs": {
      "version": "15.3.1",
      "resolved": "https://registry.npmjs.org/yargs/-/yargs-15.3.1.tgz",
      "integrity": "sha512-MOCKeWFyZ3M===",
      "dependencies": {}
    },
    "node_modules/yargs-parser": {
      "version": "18.1.3",
      "resolved": "https://registry.npmjs.org/yargs-parser/-/yargs-parser-18.1.3.tgz",
      "integrity": "sha512-MOCKeWFyZ3MtcGFyc2Vy==",
      "dependencies": {}
    }
  }
}